// !$*UTF8*$!
{
	archiveVersion = 1;
	classes = {
	};
	objectVersion = 50;
	objects = {

/* Begin PBXBuildFile section */
		7B46CEF225AE213E00B709FE /* jacksonApp.swift in Sources */ = {isa = PBXBuildFile; fileRef = 7B46CEF125AE213E00B709FE /* jacksonApp.swift */; };
		7B46CEF425AE213E00B709FE /* ContentView.swift in Sources */ = {isa = PBXBuildFile; fileRef = 7B46CEF325AE213E00B709FE /* ContentView.swift */; };
		7B46CEF625AE214200B709FE /* Assets.xcassets in Resources */ = {isa = PBXBuildFile; fileRef = 7B46CEF525AE214200B709FE /* Assets.xcassets */; };
		7B46CEF925AE214200B709FE /* Preview Assets.xcassets in Resources */ = {isa = PBXBuildFile; fileRef = 7B46CEF825AE214200B709FE /* Preview Assets.xcassets */; };
		7B46CEFB25AE214200B709FE /* Persistence.swift in Sources */ = {isa = PBXBuildFile; fileRef = 7B46CEFA25AE214200B709FE /* Persistence.swift */; };
		7B46CEFE25AE214200B709FE /* jackson.xcdatamodeld in Sources */ = {isa = PBXBuildFile; fileRef = 7B46CEFC25AE214200B709FE /* jackson.xcdatamodeld */; };
/* End PBXBuildFile section */

/* Begin PBXFileReference section */
		7B46CEEE25AE213E00B709FE /* jackson.app */ = {isa = PBXFileReference; explicitFileType = wrapper.application; includeInIndex = 0; path = jackson.app; sourceTree = BUILT_PRODUCTS_DIR; };
		7B46CEF125AE213E00B709FE /* jacksonApp.swift */ = {isa = PBXFileReference; lastKnownFileType = sourcecode.swift; path = jacksonApp.swift; sourceTree = "<group>"; };
		7B46CEF325AE213E00B709FE /* ContentView.swift */ = {isa = PBXFileReference; lastKnownFileType = sourcecode.swift; path = ContentView.swift; sourceTree = "<group>"; };
		7B46CEF525AE214200B709FE /* Assets.xcassets */ = {isa = PBXFileReference; lastKnownFileType = folder.assetcatalog; path = Assets.xcassets; sourceTree = "<group>"; };
		7B46CEF825AE214200B709FE /* Preview Assets.xcassets */ = {isa = PBXFileReference; lastKnownFileType = folder.assetcatalog; path = "Preview Assets.xcassets"; sourceTree = "<group>"; };
		7B46CEFA25AE214200B709FE /* Persistence.swift */ = {isa = PBXFileReference; lastKnownFileType = sourcecode.swift; path = Persistence.swift; sourceTree = "<group>"; };
		7B46CEFD25AE214200B709FE /* jackson.xcdatamodel */ = {isa = PBXFileReference; lastKnownFileType = wrapper.xcdatamodel; path = jackson.xcdatamodel; sourceTree = "<group>"; };
		7B46CEFF25AE214200B709FE /* Info.plist */ = {isa = PBXFileReference; lastKnownFileType = text.plist.xml; path = Info.plist; sourceTree = "<group>"; };
/* End PBXFileReference section */

/* Begin PBXFrameworksBuildPhase section */
		7B46CEEB25AE213E00B709FE /* Frameworks */ = {
			isa = PBXFrameworksBuildPhase;
			buildActionMask = 2147483647;
			files = (
			);
			runOnlyForDeploymentPostprocessing = 0;
		};
/* End PBXFrameworksBuildPhase section */

/* Begin PBXGroup section */
		7B46CEE525AE213E00B709FE = {
			isa = PBXGroup;
			children = (
				7B46CEF025AE213E00B709FE /* jackson */,
				7B46CEEF25AE213E00B709FE /* Products */,
			);
			sourceTree = "<group>";
		};
		7B46CEEF25AE213E00B709FE /* Products */ = {
			isa = PBXGroup;
			children = (
				7B46CEEE25AE213E00B709FE /* jackson.app */,
			);
			name = Products;
			sourceTree = "<group>";
		};
		7B46CEF025AE213E00B709FE /* jackson */ = {
			isa = PBXGroup;
			children = (
				7B46CEF125AE213E00B709FE /* jacksonApp.swift */,
				7B46CEF325AE213E00B709FE /* ContentView.swift */,
				7B46CEF525AE214200B709FE /* Assets.xcassets */,
				7B46CEFA25AE214200B709FE /* Persistence.swift */,
				7B46CEFF25AE214200B709FE /* Info.plist */,
				7B46CEFC25AE214200B709FE /* jackson.xcdatamodeld */,
				7B46CEF725AE214200B709FE /* Preview Content */,
			);
			path = jackson;
			sourceTree = "<group>";
		};
		7B46CEF725AE214200B709FE /* Preview Content */ = {
			isa = PBXGroup;
			children = (
				7B46CEF825AE214200B709FE /* Preview Assets.xcassets */,
			);
			path = "Preview Content";
			sourceTree = "<group>";
		};
/* End PBXGroup section */

/* Begin PBXNativeTarget section */
		7B46CEED25AE213E00B709FE /* jackson */ = {
			isa = PBXNativeTarget;
			buildConfigurationList = 7B46CF0225AE214200B709FE /* Build configuration list for PBXNativeTarget "jackson" */;
			buildPhases = (
				7B46CEEA25AE213E00B709FE /* Sources */,
				7B46CEEB25AE213E00B709FE /* Frameworks */,
				7B46CEEC25AE213E00B709FE /* Resources */,
			);
			buildRules = (
			);
			dependencies = (
			);
			name = jackson;
			productName = jackson;
			productReference = 7B46CEEE25AE213E00B709FE /* jackson.app */;
			productType = "com.apple.product-type.application";
		};
/* End PBXNativeTarget section */

/* Begin PBXProject section */
		7B46CEE625AE213E00B709FE /* Project object */ = {
			isa = PBXProject;
			attributes = {
				LastSwiftUpdateCheck = 1200;
				LastUpgradeCheck = 1200;
				TargetAttributes = {
					7B46CEED25AE213E00B709FE = {
						CreatedOnToolsVersion = 12.0;
					};
				};
			};
			buildConfigurationList = 7B46CEE925AE213E00B709FE /* Build configuration list for PBXProject "jackson" */;
			compatibilityVersion = "Xcode 9.3";
			developmentRegion = en;
			hasScannedForEncodings = 0;
			knownRegions = (
				en,
				Base,
			);
			mainGroup = 7B46CEE525AE213E00B709FE;
			productRefGroup = 7B46CEEF25AE213E00B709FE /* Products */;
			projectDirPath = "";
			projectRoot = "";
			targets = (
				7B46CEED25AE213E00B709FE /* jackson */,
			);
		};
/* End PBXProject section */

/* Begin PBXResourcesBuildPhase section */
		7B46CEEC25AE213E00B709FE /* Resources */ = {
			isa = PBXResourcesBuildPhase;
			buildActionMask = 2147483647;
			files = (
				7B46CEF925AE214200B709FE /* Preview Assets.xcassets in Resources */,
				7B46CEF625AE214200B709FE /* Assets.xcassets in Resources */,
			);
			runOnlyForDeploymentPostprocessing = 0;
		};
/* End PBXResourcesBuildPhase section */

/* Begin PBXSourcesBuildPhase section */
		7B46CEEA25AE213E00B709FE /* Sources */ = {
			isa = PBXSourcesBuildPhase;
			buildActionMask = 2147483647;
			files = (
				7B46CEFB25AE214200B709FE /* Persistence.swift in Sources */,
				7B46CEFE25AE214200B709FE /* jackson.xcdatamodeld in Sources */,
				7B46CEF425AE213E00B709FE /* ContentView.swift in Sources */,
				7B46CEF225AE213E00B709FE /* jacksonApp.swift in Sources */,
			);
			runOnlyForDeploymentPostprocessing = 0;
		};
/* End PBXSourcesBuildPhase section */

/* Begin XCBuildConfiguration section */
		7B46CF0025AE214200B709FE /* Debug */ = {
			isa = XCBuildConfiguration;
			buildSettings = {
				ALWAYS_SEARCH_USER_PATHS = NO;
				CLANG_ANALYZER_NONNULL = YES;
				CLANG_ANALYZER_NUMBER_OBJECT_CONVERSION = YES_AGGRESSIVE;
				CLANG_CXX_LANGUAGE_STANDARD = "gnu++14";
				CLANG_CXX_LIBRARY = "libc++";
				CLANG_ENABLE_MODULES = YES;
				CLANG_ENABLE_OBJC_ARC = YES;
				CLANG_ENABLE_OBJC_WEAK = YES;
				CLANG_WARN_BLOCK_CAPTURE_AUTORELEASING = YES;
				CLANG_WARN_BOOL_CONVERSION = YES;
				CLANG_WARN_COMMA = YES;
				CLANG_WARN_CONSTANT_CONVERSION = YES;
				CLANG_WARN_DEPRECATED_OBJC_IMPLEMENTATIONS = YES;
				CLANG_WARN_DIRECT_OBJC_ISA_USAGE = YES_ERROR;
				CLANG_WARN_DOCUMENTATION_COMMENTS = YES;
				CLANG_WARN_EMPTY_BODY = YES;
				CLANG_WARN_ENUM_CONVERSION = YES;
				CLANG_WARN_INFINITE_RECURSION = YES;
				CLANG_WARN_INT_CONVERSION = YES;
				CLANG_WARN_NON_LITERAL_NULL_CONVERSION = YES;
				CLANG_WARN_OBJC_IMPLICIT_RETAIN_SELF = YES;
				CLANG_WARN_OBJC_LITERAL_CONVERSION = YES;
				CLANG_WARN_OBJC_ROOT_CLASS = YES_ERROR;
				CLANG_WARN_QUOTED_INCLUDE_IN_FRAMEWORK_HEADER = YES;
				CLANG_WARN_RANGE_LOOP_ANALYSIS = YES;
				CLANG_WARN_STRICT_PROTOTYPES = YES;
				CLANG_WARN_SUSPICIOUS_MOVE = YES;
				CLANG_WARN_UNGUARDED_AVAILABILITY = YES_AGGRESSIVE;
				CLANG_WARN_UNREACHABLE_CODE = YES;
				CLANG_WARN__DUPLICATE_METHOD_MATCH = YES;
				COPY_PHASE_STRIP = NO;
				DEBUG_INFORMATION_FORMAT = dwarf;
				ENABLE_STRICT_OBJC_MSGSEND = YES;
				ENABLE_TESTABILITY = YES;
				GCC_C_LANGUAGE_STANDARD = gnu11;
				GCC_DYNAMIC_NO_PIC = NO;
				GCC_NO_COMMON_BLOCKS = YES;
				GCC_OPTIMIZATION_LEVEL = 0;
				GCC_PREPROCESSOR_DEFINITIONS = (
					"DEBUG=1",
					"$(inherited)",
				);
				GCC_WARN_64_TO_32_BIT_CONVERSION = YES;
				GCC_WARN_ABOUT_RETURN_TYPE = YES_ERROR;
				GCC_WARN_UNDECLARED_SELECTOR = YES;
				GCC_WARN_UNINITIALIZED_AUTOS = YES_AGGRESSIVE;
				GCC_WARN_UNUSED_FUNCTION = YES;
				GCC_WARN_UNUSED_VARIABLE = YES;
				IPHONEOS_DEPLOYMENT_TARGET = 14.0;
				MTL_ENABLE_DEBUG_INFO = INCLUDE_SOURCE;
				MTL_FAST_MATH = YES;
				ONLY_ACTIVE_ARCH = YES;
				SDKROOT = iphoneos;
				SWIFT_ACTIVE_COMPILATION_CONDITIONS = DEBUG;
				SWIFT_OPTIMIZATION_LEVEL = "-Onone";
			};
			name = Debug;
		};
		7B46CF0125AE214200B709FE /* Release */ = {
			isa = XCBuildConfiguration;
			buildSettings = {
				ALWAYS_SEARCH_USER_PATHS = NO;
				CLANG_ANALYZER_NONNULL = YES;
				CLANG_ANALYZER_NUMBER_OBJECT_CONVERSION = YES_AGGRESSIVE;
				CLANG_CXX_LANGUAGE_STANDARD = "gnu++14";
				CLANG_CXX_LIBRARY = "libc++";
				CLANG_ENABLE_MODULES = YES;
				CLANG_ENABLE_OBJC_ARC = YES;
				CLANG_ENABLE_OBJC_WEAK = YES;
				CLANG_WARN_BLOCK_CAPTURE_AUTORELEASING = YES;
				CLANG_WARN_BOOL_CONVERSION = YES;
				CLANG_WARN_COMMA = YES;
				CLANG_WARN_CONSTANT_CONVERSION = YES;
				CLANG_WARN_DEPRECATED_OBJC_IMPLEMENTATIONS = YES;
				CLANG_WARN_DIRECT_OBJC_ISA_USAGE = YES_ERROR;
				CLANG_WARN_DOCUMENTATION_COMMENTS = YES;
				CLANG_WARN_EMPTY_BODY = YES;
				CLANG_WARN_ENUM_CONVERSION = YES;
				CLANG_WARN_INFINITE_RECURSION = YES;
				CLANG_WARN_INT_CONVERSION = YES;
				CLANG_WARN_NON_LITERAL_NULL_CONVERSION = YES;
				CLANG_WARN_OBJC_IMPLICIT_RETAIN_SELF = YES;
				CLANG_WARN_OBJC_LITERAL_CONVERSION = YES;
				CLANG_WARN_OBJC_ROOT_CLASS = YES_ERROR;
				CLANG_WARN_QUOTED_INCLUDE_IN_FRAMEWORK_HEADER = YES;
				CLANG_WARN_RANGE_LOOP_ANALYSIS = YES;
				CLANG_WARN_STRICT_PROTOTYPES = YES;
				CLANG_WARN_SUSPICIOUS_MOVE = YES;
				CLANG_WARN_UNGUARDED_AVAILABILITY = YES_AGGRESSIVE;
				CLANG_WARN_UNREACHABLE_CODE = YES;
				CLANG_WARN__DUPLICATE_METHOD_MATCH = YES;
				COPY_PHASE_STRIP = NO;
				DEBUG_INFORMATION_FORMAT = "dwarf-with-dsym";
				ENABLE_NS_ASSERTIONS = NO;
				ENABLE_STRICT_OBJC_MSGSEND = YES;
				GCC_C_LANGUAGE_STANDARD = gnu11;
				GCC_NO_COMMON_BLOCKS = YES;
				GCC_WARN_64_TO_32_BIT_CONVERSION = YES;
				GCC_WARN_ABOUT_RETURN_TYPE = YES_ERROR;
				GCC_WARN_UNDECLARED_SELECTOR = YES;
				GCC_WARN_UNINITIALIZED_AUTOS = YES_AGGRESSIVE;
				GCC_WARN_UNUSED_FUNCTION = YES;
				GCC_WARN_UNUSED_VARIABLE = YES;
				IPHONEOS_DEPLOYMENT_TARGET = 14.0;
				MTL_ENABLE_DEBUG_INFO = NO;
				MTL_FAST_MATH = YES;
				SDKROOT = iphoneos;
				SWIFT_COMPILATION_MODE = wholemodule;
				SWIFT_OPTIMIZATION_LEVEL = "-O";
				VALIDATE_PRODUCT = YES;
			};
			name = Release;
		};
		7B46CF0325AE214200B709FE /* Debug */ = {
			isa = XCBuildConfiguration;
			buildSettings = {
				ASSETCATALOG_COMPILER_APPICON_NAME = AppIcon;
				ASSETCATALOG_COMPILER_GLOBAL_ACCENT_COLOR_NAME = AccentColor;
				CODE_SIGN_STYLE = Automatic;
				DEVELOPMENT_ASSET_PATHS = "\"jackson/Preview Content\"";
				ENABLE_PREVIEWS = YES;
				INFOPLIST_FILE = jackson/Info.plist;
				IPHONEOS_DEPLOYMENT_TARGET = 14.0;
				LD_RUNPATH_SEARCH_PATHS = (
					"$(inherited)",
					"@executable_path/Frameworks",
				);
				PRODUCT_BUNDLE_IDENTIFIER = "ntou.Patty.-final-project3.jackson";
				PRODUCT_NAME = "$(TARGET_NAME)";
				SWIFT_VERSION = 5.0;
				TARGETED_DEVICE_FAMILY = "1,2";
			};
			name = Debug;
		};
		7B46CF0425AE214200B709FE /* Release */ = {
			isa = XCBuildConfiguration;
			buildSettings = {
				ASSETCATALOG_COMPILER_APPICON_NAME = AppIcon;
				ASSETCATALOG_COMPILER_GLOBAL_ACCENT_COLOR_NAME = AccentColor;
				CODE_SIGN_STYLE = Automatic;
				DEVELOPMENT_ASSET_PATHS = "\"jackson/Preview Content\"";
				ENABLE_PREVIEWS = YES;
				INFOPLIST_FILE = jackson/Info.plist;
				IPHONEOS_DEPLOYMENT_TARGET = 14.0;
				LD_RUNPATH_SEARCH_PATHS = (
					"$(inherited)",
					"@executable_path/Frameworks",
				);
				PRODUCT_BUNDLE_IDENTIFIER = "ntou.Patty.-final-project3.jackson";
				PRODUCT_NAME = "$(TARGET_NAME)";
				SWIFT_VERSION = 5.0;
				TARGETED_DEVICE_FAMILY = "1,2";
			};
			name = Release;
		};
/* End XCBuildConfiguration section */

/* Begin XCConfigurationList section */
		7B46CEE925AE213E00B709FE /* Build configuration list for PBXProject "jackson" */ = {
			isa = XCConfigurationList;
			buildConfigurations = (
				7B46CF0025AE214200B709FE /* Debug */,
				7B46CF0125AE214200B709FE /* Release */,
			);
			defaultConfigurationIsVisible = 0;
			defaultConfigurationName = Release;
		};
		7B46CF0225AE214200B709FE /* Build configuration list for PBXNativeTarget "jackson" */ = {
			isa = XCConfigurationList;
			buildConfigurations = (
				7B46CF0325AE214200B709FE /* Debug */,
				7B46CF0425AE214200B709FE /* Release */,
			);
			defaultConfigurationIsVisible = 0;
			defaultConfigurationName = Release;
		};
/* End XCConfigurationList section */

/* Begin XCVersionGroup section */
		7B46CEFC25AE214200B709FE /* jackson.xcdatamodeld */ = {
			isa = XCVersionGroup;
			children = (
				7B46CEFD25AE214200B709FE /* jackson.xcdatamodel */,
			);
			currentVersion = 7B46CEFD25AE214200B709FE /* jackson.xcdatamodel */;
			path = jackson.xcdatamodeld;
			sourceTree = "<group>";
			versionGroupType = wrapper.xcdatamodel;
		};
/* End XCVersionGroup section */
	};
	rootObject = 7B46CEE625AE213E00B709FE /* Project object */;
}
